// !$*UTF8*$!
{
	archiveVersion = 1;
	classes = {
	};
	objectVersion = 46;
	objects = {

/* Begin PBXBuildFile section */
		D8691CD91942FCB400316066 /* main.m in Sources */ = {isa = PBXBuildFile; fileRef = D8691CD81942FCB400316066 /* main.m */; };
		D8691CDC1942FCB400316066 /* AppDelegate.m in Sources */ = {isa = PBXBuildFile; fileRef = D8691CDB1942FCB400316066 /* AppDelegate.m */; };
		D8691CDF1942FCB400316066 /* ViewController.m in Sources */ = {isa = PBXBuildFile; fileRef = D8691CDE1942FCB400316066 /* ViewController.m */; };
		D8691CE21942FCB400316066 /* Main.storyboard in Resources */ = {isa = PBXBuildFile; fileRef = D8691CE01942FCB400316066 /* Main.storyboard */; };
		D8691CE41942FCB400316066 /* Images.xcassets in Resources */ = {isa = PBXBuildFile; fileRef = D8691CE31942FCB400316066 /* Images.xcassets */; };
		D8691CF01942FCB400316066 /* UIAlertControllerDemoTests.m in Sources */ = {isa = PBXBuildFile; fileRef = D8691CEF1942FCB400316066 /* UIAlertControllerDemoTests.m */; };
/* End PBXBuildFile section */

/* Begin PBXContainerItemProxy section */
		D8691CEA1942FCB400316066 /* PBXContainerItemProxy */ = {
			isa = PBXContainerItemProxy;
			containerPortal = D8691CCB1942FCB400316066 /* Project object */;
			proxyType = 1;
			remoteGlobalIDString = D8691CD21942FCB400316066;
			remoteInfo = UIAlertControllerDemo;
		};
/* End PBXContainerItemProxy section */

/* Begin PBXFileReference section */
		D8691CD31942FCB400316066 /* UIAlertControllerDemo.app */ = {isa = PBXFileReference; explicitFileType = wrapper.application; includeInIndex = 0; path = UIAlertControllerDemo.app; sourceTree = BUILT_PRODUCTS_DIR; };
		D8691CD71942FCB400316066 /* Info.plist */ = {isa = PBXFileReference; lastKnownFileType = text.plist.xml; path = Info.plist; sourceTree = "<group>"; };
		D8691CD81942FCB400316066 /* main.m */ = {isa = PBXFileReference; lastKnownFileType = sourcecode.c.objc; path = main.m; sourceTree = "<group>"; };
		D8691CDA1942FCB400316066 /* AppDelegate.h */ = {isa = PBXFileReference; lastKnownFileType = sourcecode.c.h; path = AppDelegate.h; sourceTree = "<group>"; };
		D8691CDB1942FCB400316066 /* AppDelegate.m */ = {isa = PBXFileReference; lastKnownFileType = sourcecode.c.objc; path = AppDelegate.m; sourceTree = "<group>"; };
		D8691CDD1942FCB400316066 /* ViewController.h */ = {isa = PBXFileReference; lastKnownFileType = sourcecode.c.h; path = ViewController.h; sourceTree = "<group>"; };
		D8691CDE1942FCB400316066 /* ViewController.m */ = {isa = PBXFileReference; lastKnownFileType = sourcecode.c.objc; path = ViewController.m; sourceTree = "<group>"; };
		D8691CE11942FCB400316066 /* Base */ = {isa = PBXFileReference; lastKnownFileType = file.storyboard; name = Base; path = Base.lproj/Main.storyboard; sourceTree = "<group>"; };
		D8691CE31942FCB400316066 /* Images.xcassets */ = {isa = PBXFileReference; lastKnownFileType = folder.assetcatalog; path = Images.xcassets; sourceTree = "<group>"; };
		D8691CE91942FCB400316066 /* UIAlertControllerDemoTests.xctest */ = {isa = PBXFileReference; explicitFileType = wrapper.cfbundle; includeInIndex = 0; path = UIAlertControllerDemoTests.xctest; sourceTree = BUILT_PRODUCTS_DIR; };
		D8691CEE1942FCB400316066 /* Info.plist */ = {isa = PBXFileReference; lastKnownFileType = text.plist.xml; path = Info.plist; sourceTree = "<group>"; };
		D8691CEF1942FCB400316066 /* UIAlertControllerDemoTests.m */ = {isa = PBXFileReference; lastKnownFileType = sourcecode.c.objc; path = UIAlertControllerDemoTests.m; sourceTree = "<group>"; };
/* End PBXFileReference section */

/* Begin PBXFrameworksBuildPhase section */
		D8691CD01942FCB400316066 /* Frameworks */ = {
			isa = PBXFrameworksBuildPhase;
			buildActionMask = 2147483647;
			files = (
			);
			runOnlyForDeploymentPostprocessing = 0;
		};
		D8691CE61942FCB400316066 /* Frameworks */ = {
			isa = PBXFrameworksBuildPhase;
			buildActionMask = 2147483647;
			files = (
			);
			runOnlyForDeploymentPostprocessing = 0;
		};
/* End PBXFrameworksBuildPhase section */

/* Begin PBXGroup section */
		D8691CCA1942FCB400316066 = {
			isa = PBXGroup;
			children = (
				D8691CD51942FCB400316066 /* UIAlertControllerDemo */,
				D8691CEC1942FCB400316066 /* UIAlertControllerDemoTests */,
				D8691CD41942FCB400316066 /* Products */,
			);
			sourceTree = "<group>";
		};
		D8691CD41942FCB400316066 /* Products */ = {
			isa = PBXGroup;
			children = (
				D8691CD31942FCB400316066 /* UIAlertControllerDemo.app */,
				D8691CE91942FCB400316066 /* UIAlertControllerDemoTests.xctest */,
			);
			name = Products;
			sourceTree = "<group>";
		};
		D8691CD51942FCB400316066 /* UIAlertControllerDemo */ = {
			isa = PBXGroup;
			children = (
				D8691CDA1942FCB400316066 /* AppDelegate.h */,
				D8691CDB1942FCB400316066 /* AppDelegate.m */,
				D8691CDD1942FCB400316066 /* ViewController.h */,
				D8691CDE1942FCB400316066 /* ViewController.m */,
				D8691CE01942FCB400316066 /* Main.storyboard */,
				D8691CE31942FCB400316066 /* Images.xcassets */,
				D8691CD61942FCB400316066 /* Supporting Files */,
			);
			path = UIAlertControllerDemo;
			sourceTree = "<group>";
		};
		D8691CD61942FCB400316066 /* Supporting Files */ = {
			isa = PBXGroup;
			children = (
				D8691CD71942FCB400316066 /* Info.plist */,
				D8691CD81942FCB400316066 /* main.m */,
			);
			name = "Supporting Files";
			sourceTree = "<group>";
		};
		D8691CEC1942FCB400316066 /* UIAlertControllerDemoTests */ = {
			isa = PBXGroup;
			children = (
				D8691CEF1942FCB400316066 /* UIAlertControllerDemoTests.m */,
				D8691CED1942FCB400316066 /* Supporting Files */,
			);
			path = UIAlertControllerDemoTests;
			sourceTree = "<group>";
		};
		D8691CED1942FCB400316066 /* Supporting Files */ = {
			isa = PBXGroup;
			children = (
				D8691CEE1942FCB400316066 /* Info.plist */,
			);
			name = "Supporting Files";
			sourceTree = "<group>";
		};
/* End PBXGroup section */

/* Begin PBXNativeTarget section */
		D8691CD21942FCB400316066 /* UIAlertControllerDemo */ = {
			isa = PBXNativeTarget;
			buildConfigurationList = D8691CF31942FCB400316066 /* Build configuration list for PBXNativeTarget "UIAlertControllerDemo" */;
			buildPhases = (
				D8691CCF1942FCB400316066 /* Sources */,
				D8691CD01942FCB400316066 /* Frameworks */,
				D8691CD11942FCB400316066 /* Resources */,
			);
			buildRules = (
			);
			dependencies = (
			);
			name = UIAlertControllerDemo;
			productName = UIAlertControllerDemo;
			productReference = D8691CD31942FCB400316066 /* UIAlertControllerDemo.app */;
			productType = "com.apple.product-type.application";
		};
		D8691CE81942FCB400316066 /* UIAlertControllerDemoTests */ = {
			isa = PBXNativeTarget;
			buildConfigurationList = D8691CF61942FCB400316066 /* Build configuration list for PBXNativeTarget "UIAlertControllerDemoTests" */;
			buildPhases = (
				D8691CE51942FCB400316066 /* Sources */,
				D8691CE61942FCB400316066 /* Frameworks */,
				D8691CE71942FCB400316066 /* Resources */,
			);
			buildRules = (
			);
			dependencies = (
				D8691CEB1942FCB400316066 /* PBXTargetDependency */,
			);
			name = UIAlertControllerDemoTests;
			productName = UIAlertControllerDemoTests;
			productReference = D8691CE91942FCB400316066 /* UIAlertControllerDemoTests.xctest */;
			productType = "com.apple.product-type.bundle.unit-test";
		};
/* End PBXNativeTarget section */

/* Begin PBXProject section */
		D8691CCB1942FCB400316066 /* Project object */ = {
			isa = PBXProject;
			attributes = {
				LastUpgradeCheck = 0600;
				ORGANIZATIONNAME = Madimo;
				TargetAttributes = {
					D8691CD21942FCB400316066 = {
						CreatedOnToolsVersion = 6.0;
					};
					D8691CE81942FCB400316066 = {
						CreatedOnToolsVersion = 6.0;
						TestTargetID = D8691CD21942FCB400316066;
					};
				};
			};
			buildConfigurationList = D8691CCE1942FCB400316066 /* Build configuration list for PBXProject "UIAlertControllerDemo" */;
			compatibilityVersion = "Xcode 3.2";
			developmentRegion = English;
			hasScannedForEncodings = 0;
			knownRegions = (
				en,
				Base,
			);
			mainGroup = D8691CCA1942FCB400316066;
			productRefGroup = D8691CD41942FCB400316066 /* Products */;
			projectDirPath = "";
			projectRoot = "";
			targets = (
				D8691CD21942FCB400316066 /* UIAlertControllerDemo */,
				D8691CE81942FCB400316066 /* UIAlertControllerDemoTests */,
			);
		};
/* End PBXProject section */

/* Begin PBXResourcesBuildPhase section */
		D8691CD11942FCB400316066 /* Resources */ = {
			isa = PBXResourcesBuildPhase;
			buildActionMask = 2147483647;
			files = (
				D8691CE21942FCB400316066 /* Main.storyboard in Resources */,
				D8691CE41942FCB400316066 /* Images.xcassets in Resources */,
			);
			runOnlyForDeploymentPostprocessing = 0;
		};
		D8691CE71942FCB400316066 /* Resources */ = {
			isa = PBXResourcesBuildPhase;
			buildActionMask = 2147483647;
			files = (
			);
			runOnlyForDeploymentPostprocessing = 0;
		};
/* End PBXResourcesBuildPhase section */

/* Begin PBXSourcesBuildPhase section */
		D8691CCF1942FCB400316066 /* Sources */ = {
			isa = PBXSourcesBuildPhase;
			buildActionMask = 2147483647;
			files = (
				D8691CDF1942FCB400316066 /* ViewController.m in Sources */,
				D8691CDC1942FCB400316066 /* AppDelegate.m in Sources */,
				D8691CD91942FCB400316066 /* main.m in Sources */,
			);
			runOnlyForDeploymentPostprocessing = 0;
		};
		D8691CE51942FCB400316066 /* Sources */ = {
			isa = PBXSourcesBuildPhase;
			buildActionMask = 2147483647;
			files = (
				D8691CF01942FCB400316066 /* UIAlertControllerDemoTests.m in Sources */,
			);
			runOnlyForDeploymentPostprocessing = 0;
		};
/* End PBXSourcesBuildPhase section */

/* Begin PBXTargetDependency section */
		D8691CEB1942FCB400316066 /* PBXTargetDependency */ = {
			isa = PBXTargetDependency;
			target = D8691CD21942FCB400316066 /* UIAlertControllerDemo */;
			targetProxy = D8691CEA1942FCB400316066 /* PBXContainerItemProxy */;
		};
/* End PBXTargetDependency section */

/* Begin PBXVariantGroup section */
		D8691CE01942FCB400316066 /* Main.storyboard */ = {
			isa = PBXVariantGroup;
			children = (
				D8691CE11942FCB400316066 /* Base */,
			);
			name = Main.storyboard;
			sourceTree = "<group>";
		};
/* End PBXVariantGroup section */

/* Begin XCBuildConfiguration section */
		D8691CF11942FCB400316066 /* Debug */ = {
			isa = XCBuildConfiguration;
			buildSettings = {
				ALWAYS_SEARCH_USER_PATHS = NO;
				CLANG_CXX_LANGUAGE_STANDARD = "gnu++0x";
				CLANG_CXX_LIBRARY = "libc++";
				CLANG_ENABLE_MODULES = YES;
				CLANG_ENABLE_OBJC_ARC = YES;
				CLANG_WARN_BOOL_CONVERSION = YES;
				CLANG_WARN_CONSTANT_CONVERSION = YES;
				CLANG_WARN_DIRECT_OBJC_ISA_USAGE = YES_ERROR;
				CLANG_WARN_EMPTY_BODY = YES;
				CLANG_WARN_ENUM_CONVERSION = YES;
				CLANG_WARN_INT_CONVERSION = YES;
				CLANG_WARN_OBJC_ROOT_CLASS = YES_ERROR;
				CLANG_WARN_UNREACHABLE_CODE = YES;
				CLANG_WARN__DUPLICATE_METHOD_MATCH = YES;
				"CODE_SIGN_IDENTITY[sdk=iphoneos*]" = "iPhone Developer";
				COPY_PHASE_STRIP = NO;
				ENABLE_STRICT_OBJC_MSGSEND = YES;
				GCC_C_LANGUAGE_STANDARD = gnu99;
				GCC_DYNAMIC_NO_PIC = NO;
				GCC_OPTIMIZATION_LEVEL = 0;
				GCC_PREPROCESSOR_DEFINITIONS = (
					"DEBUG=1",
					"$(inherited)",
				);
				GCC_SYMBOLS_PRIVATE_EXTERN = NO;
				GCC_WARN_64_TO_32_BIT_CONVERSION = YES;
				GCC_WARN_ABOUT_RETURN_TYPE = YES_ERROR;
				GCC_WARN_UNDECLARED_SELECTOR = YES;
				GCC_WARN_UNINITIALIZED_AUTOS = YES_AGGRESSIVE;
				GCC_WARN_UNUSED_FUNCTION = YES;
				GCC_WARN_UNUSED_VARIABLE = YES;
				IPHONEOS_DEPLOYMENT_TARGET = 8.0;
				METAL_ENABLE_DEBUG_INFO = YES;
				ONLY_ACTIVE_ARCH = YES;
				SDKROOT = iphoneos;
			};
			name = Debug;
		};
		D8691CF21942FCB400316066 /* Release */ = {
			isa = XCBuildConfiguration;
			buildSettings = {
				ALWAYS_SEARCH_USER_PATHS = NO;
				CLANG_CXX_LANGUAGE_STANDARD = "gnu++0x";
				CLANG_CXX_LIBRARY = "libc++";
				CLANG_ENABLE_MODULES = YES;
				CLANG_ENABLE_OBJC_ARC = YES;
				CLANG_WARN_BOOL_CONVERSION = YES;
				CLANG_WARN_CONSTANT_CONVERSION = YES;
				CLANG_WARN_DIRECT_OBJC_ISA_USAGE = YES_ERROR;
				CLANG_WARN_EMPTY_BODY = YES;
				CLANG_WARN_ENUM_CONVERSION = YES;
				CLANG_WARN_INT_CONVERSION = YES;
				CLANG_WARN_OBJC_ROOT_CLASS = YES_ERROR;
				CLANG_WARN_UNREACHABLE_CODE = YES;
				CLANG_WARN__DUPLICATE_METHOD_MATCH = YES;
				"CODE_SIGN_IDENTITY[sdk=iphoneos*]" = "iPhone Developer";
				COPY_PHASE_STRIP = YES;
				ENABLE_NS_ASSERTIONS = NO;
				ENABLE_STRICT_OBJC_MSGSEND = YES;
				GCC_C_LANGUAGE_STANDARD = gnu99;
				GCC_WARN_64_TO_32_BIT_CONVERSION = YES;
				GCC_WARN_ABOUT_RETURN_TYPE = YES_ERROR;
				GCC_WARN_UNDECLARED_SELECTOR = YES;
				GCC_WARN_UNINITIALIZED_AUTOS = YES_AGGRESSIVE;
				GCC_WARN_UNUSED_FUNCTION = YES;
				GCC_WARN_UNUSED_VARIABLE = YES;
				IPHONEOS_DEPLOYMENT_TARGET = 8.0;
				METAL_ENABLE_DEBUG_INFO = NO;
				SDKROOT = iphoneos;
				VALIDATE_PRODUCT = YES;
			};
			name = Release;
		};
		D8691CF41942FCB400316066 /* Debug */ = {
			isa = XCBuildConfiguration;
			buildSettings = {
				ASSETCATALOG_COMPILER_APPICON_NAME = AppIcon;
				ASSETCATALOG_COMPILER_LAUNCHIMAGE_NAME = LaunchImage;
				INFOPLIST_FILE = UIAlertControllerDemo/Info.plist;
				LD_RUNPATH_SEARCH_PATHS = "$(inherited) @executable_path/Frameworks";
				PRODUCT_NAME = "$(TARGET_NAME)";
			};
			name = Debug;
		};
		D8691CF51942FCB400316066 /* Release */ = {
			isa = XCBuildConfiguration;
			buildSettings = {
				ASSETCATALOG_COMPILER_APPICON_NAME = AppIcon;
				ASSETCATALOG_COMPILER_LAUNCHIMAGE_NAME = LaunchImage;
				INFOPLIST_FILE = UIAlertControllerDemo/Info.plist;
				LD_RUNPATH_SEARCH_PATHS = "$(inherited) @executable_path/Frameworks";
				PRODUCT_NAME = "$(TARGET_NAME)";
			};
			name = Release;
		};
		D8691CF71942FCB400316066 /* Debug */ = {
			isa = XCBuildConfiguration;
			buildSettings = {
				BUNDLE_LOADER = "$(BUILT_PRODUCTS_DIR)/UIAlertControllerDemo.app/UIAlertControllerDemo";
				FRAMEWORK_SEARCH_PATHS = (
					"$(SDKROOT)/Developer/Library/Frameworks",
					"$(inherited)",
				);
				GCC_PREPROCESSOR_DEFINITIONS = (
					"DEBUG=1",
					"$(inherited)",
				);
				INFOPLIST_FILE = UIAlertControllerDemoTests/Info.plist;
				LD_RUNPATH_SEARCH_PATHS = "$(inherited) @executable_path/Frameworks @loader_path/Frameworks";
				METAL_ENABLE_DEBUG_INFO = YES;
				PRODUCT_NAME = "$(TARGET_NAME)";
				TEST_HOST = "$(BUNDLE_LOADER)";
			};
			name = Debug;
		};
		D8691CF81942FCB400316066 /* Release */ = {
			isa = XCBuildConfiguration;
			buildSettings = {
				BUNDLE_LOADER = "$(BUILT_PRODUCTS_DIR)/UIAlertControllerDemo.app/UIAlertControllerDemo";
				FRAMEWORK_SEARCH_PATHS = (
					"$(SDKROOT)/Developer/Library/Frameworks",
					"$(inherited)",
				);
				INFOPLIST_FILE = UIAlertControllerDemoTests/Info.plist;
				LD_RUNPATH_SEARCH_PATHS = "$(inherited) @executable_path/Frameworks @loader_path/Frameworks";
				METAL_ENABLE_DEBUG_INFO = NO;
				PRODUCT_NAME = "$(TARGET_NAME)";
				TEST_HOST = "$(BUNDLE_LOADER)";
			};
			name = Release;
		};
/* End XCBuildConfiguration section */

/* Begin XCConfigurationList section */
		D8691CCE1942FCB400316066 /* Build configuration list for PBXProject "UIAlertControllerDemo" */ = {
			isa = XCConfigurationList;
			buildConfigurations = (
				D8691CF11942FCB400316066 /* Debug */,
				D8691CF21942FCB400316066 /* Release */,
			);
			defaultConfigurationIsVisible = 0;
			defaultConfigurationName = Release;
		};
		D8691CF31942FCB400316066 /* Build configuration list for PBXNativeTarget "UIAlertControllerDemo" */ = {
			isa = XCConfigurationList;
			buildConfigurations = (
				D8691CF41942FCB400316066 /* Debug */,
				D8691CF51942FCB400316066 /* Release */,
			);
			defaultConfigurationIsVisible = 0;
		};
		D8691CF61942FCB400316066 /* Build configuration list for PBXNativeTarget "UIAlertControllerDemoTests" */ = {
			isa = XCConfigurationList;
			buildConfigurations = (
				D8691CF71942FCB400316066 /* Debug */,
				D8691CF81942FCB400316066 /* Release */,
			);
			defaultConfigurationIsVisible = 0;
		};
/* End XCConfigurationList section */
	};
	rootObject = D8691CCB1942FCB400316066 /* Project object */;
}
